
Microsoft Visual Studio Solution File, Format Version 12.00
# Visual Studio Version 16
VisualStudioVersion = 25.0.1704.5
MinimumVisualStudioVersion = 10.0.40219.1
Project("{FAE04EC0-301F-11D3-BF4B-00C04F79EFBC}") = "Blazor.TypingTest", "Blazor.TypingTest\Blazor.TypingTest.csproj", "{91398C9C-401F-42F4-94F1-589D1F0BA3F0}"
EndProject
Global
	GlobalSection(SolutionConfigurationPlatforms) = preSolution
		Debug|Any CPU = Debug|Any CPU
		Release|Any CPU = Release|Any CPU
	EndGlobalSection
	GlobalSection(ProjectConfigurationPlatforms) = postSolution
		{91398C9C-401F-42F4-94F1-589D1F0BA3F0}.Debug|Any CPU.ActiveCfg = Debug|Any CPU
		{91398C9C-401F-42F4-94F1-589D1F0BA3F0}.Debug|Any CPU.Build.0 = Debug|Any CPU
		{91398C9C-401F-42F4-94F1-589D1F0BA3F0}.Release|Any CPU.ActiveCfg = Release|Any CPU
		{91398C9C-401F-42F4-94F1-589D1F0BA3F0}.Release|Any CPU.Build.0 = Release|Any CPU
	EndGlobalSection
	GlobalSection(SolutionProperties) = preSolution
		HideSolutionNode = FALSE
	EndGlobalSection
	GlobalSection(ExtensibilityGlobals) = postSolution
		SolutionGuid = {FAC35461-5F25-4B85-B455-CC7CB8BF9F6B}
	EndGlobalSection
EndGlobal
